
Microsoft Visual Studio Solution File, Format Version 12.00
# Visual Studio Version 17
VisualStudioVersion = 17.6.33712.159
MinimumVisualStudioVersion = 10.0.40219.1
Project("{FAE04EC0-301F-11D3-BF4B-00C04F79EFBC}") = "FilmesAPI", "FilmesAPI\FilmesAPI.csproj", "{BFE1F094-0FE1-4AE9-86BD-829A9787A95D}"
EndProject
Global
	GlobalSection(SolutionConfigurationPlatforms) = preSolution
		Debug|Any CPU = Debug|Any CPU
		Release|Any CPU = Release|Any CPU
	EndGlobalSection
	GlobalSection(ProjectConfigurationPlatforms) = postSolution
		{BFE1F094-0FE1-4AE9-86BD-829A9787A95D}.Debug|Any CPU.ActiveCfg = Debug|Any CPU
		{BFE1F094-0FE1-4AE9-86BD-829A9787A95D}.Debug|Any CPU.Build.0 = Debug|Any CPU
		{BFE1F094-0FE1-4AE9-86BD-829A9787A95D}.Release|Any CPU.ActiveCfg = Release|Any CPU
		{BFE1F094-0FE1-4AE9-86BD-829A9787A95D}.Release|Any CPU.Build.0 = Release|Any CPU
	EndGlobalSection
	GlobalSection(SolutionProperties) = preSolution
		HideSolutionNode = FALSE
	EndGlobalSection
	GlobalSection(ExtensibilityGlobals) = postSolution
		SolutionGuid = {EC9A8CFE-A43F-4A75-8A99-943E1403F736}
	EndGlobalSection
EndGlobal
